<Solution>
  <Project Path="Z1/Z1.csproj" />
  <Project Path="Z10/Z10.csproj" />
  <Project Path="Z2/Z2.csproj" />
  <Project Path="Z3/Z3.csproj" />
  <Project Path="Z4/Z4.csproj" />
  <Project Path="Z5/Z5.csproj" />
  <Project Path="Z6/Z6.csproj" />
  <Project Path="Z7/Z7.csproj" />
  <Project Path="Z8/Z8.csproj" />
  <Project Path="Z9/Z9.csproj" />
</Solution>
