
Microsoft Visual Studio Solution File, Format Version 12.00
# Visual Studio Version 17
VisualStudioVersion = 17.14.36623.8 d17.14
MinimumVisualStudioVersion = 10.0.40219.1
Project("{FAE04EC0-301F-11D3-BF4B-00C04F79EFBC}") = "13", "13\13.csproj", "{01582B74-C8F1-41DC-ABF8-BB8F74E6A59E}"
EndProject
Global
	GlobalSection(SolutionConfigurationPlatforms) = preSolution
		Debug|Any CPU = Debug|Any CPU
		Release|Any CPU = Release|Any CPU
	EndGlobalSection
	GlobalSection(ProjectConfigurationPlatforms) = postSolution
		{01582B74-C8F1-41DC-ABF8-BB8F74E6A59E}.Debug|Any CPU.ActiveCfg = Debug|Any CPU
		{01582B74-C8F1-41DC-ABF8-BB8F74E6A59E}.Debug|Any CPU.Build.0 = Debug|Any CPU
		{01582B74-C8F1-41DC-ABF8-BB8F74E6A59E}.Release|Any CPU.ActiveCfg = Release|Any CPU
		{01582B74-C8F1-41DC-ABF8-BB8F74E6A59E}.Release|Any CPU.Build.0 = Release|Any CPU
	EndGlobalSection
	GlobalSection(SolutionProperties) = preSolution
		HideSolutionNode = FALSE
	EndGlobalSection
	GlobalSection(ExtensibilityGlobals) = postSolution
		SolutionGuid = {226E82DF-E8EB-4524-A414-D4736B547490}
	EndGlobalSection
EndGlobal
